
Microsoft Visual Studio Solution File, Format Version 12.00
# Visual Studio Version 17
VisualStudioVersion = 17.14.36511.14
MinimumVisualStudioVersion = 10.0.40219.1
Project("{FAE04EC0-301F-11D3-BF4B-00C04F79EFBC}") = "First_WPF_Application", "First_WPF_Application\First_WPF_Application.csproj", "{7D3744D2-B6A5-4705-ABF4-E25531667344}"
EndProject
Project("{FAE04EC0-301F-11D3-BF4B-00C04F79EFBC}") = "Classes_And_Files", "Classes_And_Files\Classes_And_Files.csproj", "{5EFE5996-4A5F-4A5B-9B6D-A97B24563C25}"
EndProject
Project("{FAE04EC0-301F-11D3-BF4B-00C04F79EFBC}") = "JSON_From_A_File", "JSON_From_A_File\JSON_From_A_File.csproj", "{5A034FFA-BBC5-4B55-A206-B22480D7B4F5}"
EndProject
Project("{FAE04EC0-301F-11D3-BF4B-00C04F79EFBC}") = "JSON_Game_of_Thrones_Quotes", "JSON_Game_of_Thrones_Quotes\JSON_Game_of_Thrones_Quotes.csproj", "{74BF012C-E3FC-47B5-8944-CA95E8F4E0E8}"
EndProject
Global
	GlobalSection(SolutionConfigurationPlatforms) = preSolution
		Debug|Any CPU = Debug|Any CPU
		Release|Any CPU = Release|Any CPU
	EndGlobalSection
	GlobalSection(ProjectConfigurationPlatforms) = postSolution
		{7D3744D2-B6A5-4705-ABF4-E25531667344}.Debug|Any CPU.ActiveCfg = Debug|Any CPU
		{7D3744D2-B6A5-4705-ABF4-E25531667344}.Debug|Any CPU.Build.0 = Debug|Any CPU
		{7D3744D2-B6A5-4705-ABF4-E25531667344}.Release|Any CPU.ActiveCfg = Release|Any CPU
		{7D3744D2-B6A5-4705-ABF4-E25531667344}.Release|Any CPU.Build.0 = Release|Any CPU
		{5EFE5996-4A5F-4A5B-9B6D-A97B24563C25}.Debug|Any CPU.ActiveCfg = Debug|Any CPU
		{5EFE5996-4A5F-4A5B-9B6D-A97B24563C25}.Debug|Any CPU.Build.0 = Debug|Any CPU
		{5EFE5996-4A5F-4A5B-9B6D-A97B24563C25}.Release|Any CPU.ActiveCfg = Release|Any CPU
		{5EFE5996-4A5F-4A5B-9B6D-A97B24563C25}.Release|Any CPU.Build.0 = Release|Any CPU
		{5A034FFA-BBC5-4B55-A206-B22480D7B4F5}.Debug|Any CPU.ActiveCfg = Debug|Any CPU
		{5A034FFA-BBC5-4B55-A206-B22480D7B4F5}.Debug|Any CPU.Build.0 = Debug|Any CPU
		{5A034FFA-BBC5-4B55-A206-B22480D7B4F5}.Release|Any CPU.ActiveCfg = Release|Any CPU
		{5A034FFA-BBC5-4B55-A206-B22480D7B4F5}.Release|Any CPU.Build.0 = Release|Any CPU
		{74BF012C-E3FC-47B5-8944-CA95E8F4E0E8}.Debug|Any CPU.ActiveCfg = Debug|Any CPU
		{74BF012C-E3FC-47B5-8944-CA95E8F4E0E8}.Debug|Any CPU.Build.0 = Debug|Any CPU
		{74BF012C-E3FC-47B5-8944-CA95E8F4E0E8}.Release|Any CPU.ActiveCfg = Release|Any CPU
		{74BF012C-E3FC-47B5-8944-CA95E8F4E0E8}.Release|Any CPU.Build.0 = Release|Any CPU
	EndGlobalSection
	GlobalSection(SolutionProperties) = preSolution
		HideSolutionNode = FALSE
	EndGlobalSection
	GlobalSection(ExtensibilityGlobals) = postSolution
		SolutionGuid = {DE6548C4-BD4D-429E-AE6D-0EDBCD169378}
	EndGlobalSection
EndGlobal
